// !$*UTF8*$!
{
	archiveVersion = 1;
	classes = {
	};
	objectVersion = 46;
	objects = {

/* Begin PBXBuildFile section */
		454FD3AD1B5034AA00D0B75C /* AppDelegate.swift in Sources */ = {isa = PBXBuildFile; fileRef = 454FD3AC1B5034AA00D0B75C /* AppDelegate.swift */; };
		454FD3AF1B5034AA00D0B75C /* ViewController.swift in Sources */ = {isa = PBXBuildFile; fileRef = 454FD3AE1B5034AA00D0B75C /* ViewController.swift */; };
		454FD3B11B5034AA00D0B75C /* Assets.xcassets in Resources */ = {isa = PBXBuildFile; fileRef = 454FD3B01B5034AA00D0B75C /* Assets.xcassets */; };
		454FD3B41B5034AA00D0B75C /* Main.storyboard in Resources */ = {isa = PBXBuildFile; fileRef = 454FD3B21B5034AA00D0B75C /* Main.storyboard */; };
/* End PBXBuildFile section */

/* Begin PBXFileReference section */
		454FD3A91B5034AA00D0B75C /* LabControls.app */ = {isa = PBXFileReference; explicitFileType = wrapper.application; includeInIndex = 0; path = LabControls.app; sourceTree = BUILT_PRODUCTS_DIR; };
		454FD3AC1B5034AA00D0B75C /* AppDelegate.swift */ = {isa = PBXFileReference; lastKnownFileType = sourcecode.swift; path = AppDelegate.swift; sourceTree = "<group>"; };
		454FD3AE1B5034AA00D0B75C /* ViewController.swift */ = {isa = PBXFileReference; lastKnownFileType = sourcecode.swift; path = ViewController.swift; sourceTree = "<group>"; };
		454FD3B01B5034AA00D0B75C /* Assets.xcassets */ = {isa = PBXFileReference; lastKnownFileType = folder.assetcatalog; path = Assets.xcassets; sourceTree = "<group>"; };
		454FD3B31B5034AA00D0B75C /* Base */ = {isa = PBXFileReference; lastKnownFileType = file.storyboard; name = Base; path = Base.lproj/Main.storyboard; sourceTree = "<group>"; };
		454FD3B51B5034AA00D0B75C /* Info.plist */ = {isa = PBXFileReference; lastKnownFileType = text.plist.xml; path = Info.plist; sourceTree = "<group>"; };
/* End PBXFileReference section */

/* Begin PBXFrameworksBuildPhase section */
		454FD3A61B5034AA00D0B75C /* Frameworks */ = {
			isa = PBXFrameworksBuildPhase;
			buildActionMask = 2147483647;
			files = (
			);
			runOnlyForDeploymentPostprocessing = 0;
		};
/* End PBXFrameworksBuildPhase section */

/* Begin PBXGroup section */
		454FD3A01B5034AA00D0B75C = {
			isa = PBXGroup;
			children = (
				454FD3AB1B5034AA00D0B75C /* LabControls */,
				454FD3AA1B5034AA00D0B75C /* Products */,
			);
			sourceTree = "<group>";
		};
		454FD3AA1B5034AA00D0B75C /* Products */ = {
			isa = PBXGroup;
			children = (
				454FD3A91B5034AA00D0B75C /* LabControls.app */,
			);
			name = Products;
			sourceTree = "<group>";
		};
		454FD3AB1B5034AA00D0B75C /* LabControls */ = {
			isa = PBXGroup;
			children = (
				454FD3AC1B5034AA00D0B75C /* AppDelegate.swift */,
				454FD3AE1B5034AA00D0B75C /* ViewController.swift */,
				454FD3B01B5034AA00D0B75C /* Assets.xcassets */,
				454FD3B21B5034AA00D0B75C /* Main.storyboard */,
				454FD3B51B5034AA00D0B75C /* Info.plist */,
			);
			path = LabControls;
			sourceTree = "<group>";
		};
/* End PBXGroup section */

/* Begin PBXNativeTarget section */
		454FD3A81B5034AA00D0B75C /* LabControls */ = {
			isa = PBXNativeTarget;
			buildConfigurationList = 454FD3B81B5034AA00D0B75C /* Build configuration list for PBXNativeTarget "LabControls" */;
			buildPhases = (
				454FD3A51B5034AA00D0B75C /* Sources */,
				454FD3A61B5034AA00D0B75C /* Frameworks */,
				454FD3A71B5034AA00D0B75C /* Resources */,
			);
			buildRules = (
			);
			dependencies = (
			);
			name = LabControls;
			productName = LabControls;
			productReference = 454FD3A91B5034AA00D0B75C /* LabControls.app */;
			productType = "com.apple.product-type.application";
		};
/* End PBXNativeTarget section */

/* Begin PBXProject section */
		454FD3A11B5034AA00D0B75C /* Project object */ = {
			isa = PBXProject;
			attributes = {
				LastUpgradeCheck = 0700;
				ORGANIZATIONNAME = 9Labs;
				TargetAttributes = {
					454FD3A81B5034AA00D0B75C = {
						CreatedOnToolsVersion = 7.0;
					};
				};
			};
			buildConfigurationList = 454FD3A41B5034AA00D0B75C /* Build configuration list for PBXProject "LabControls" */;
			compatibilityVersion = "Xcode 3.2";
			developmentRegion = English;
			hasScannedForEncodings = 0;
			knownRegions = (
				en,
				Base,
			);
			mainGroup = 454FD3A01B5034AA00D0B75C;
			productRefGroup = 454FD3AA1B5034AA00D0B75C /* Products */;
			projectDirPath = "";
			projectRoot = "";
			targets = (
				454FD3A81B5034AA00D0B75C /* LabControls */,
			);
		};
/* End PBXProject section */

/* Begin PBXResourcesBuildPhase section */
		454FD3A71B5034AA00D0B75C /* Resources */ = {
			isa = PBXResourcesBuildPhase;
			buildActionMask = 2147483647;
			files = (
				454FD3B11B5034AA00D0B75C /* Assets.xcassets in Resources */,
				454FD3B41B5034AA00D0B75C /* Main.storyboard in Resources */,
			);
			runOnlyForDeploymentPostprocessing = 0;
		};
/* End PBXResourcesBuildPhase section */

/* Begin PBXSourcesBuildPhase section */
		454FD3A51B5034AA00D0B75C /* Sources */ = {
			isa = PBXSourcesBuildPhase;
			buildActionMask = 2147483647;
			files = (
				454FD3AF1B5034AA00D0B75C /* ViewController.swift in Sources */,
				454FD3AD1B5034AA00D0B75C /* AppDelegate.swift in Sources */,
			);
			runOnlyForDeploymentPostprocessing = 0;
		};
/* End PBXSourcesBuildPhase section */

/* Begin PBXVariantGroup section */
		454FD3B21B5034AA00D0B75C /* Main.storyboard */ = {
			isa = PBXVariantGroup;
			children = (
				454FD3B31B5034AA00D0B75C /* Base */,
			);
			name = Main.storyboard;
			sourceTree = "<group>";
		};
/* End PBXVariantGroup section */

/* Begin XCBuildConfiguration section */
		454FD3B61B5034AA00D0B75C /* Debug */ = {
			isa = XCBuildConfiguration;
			buildSettings = {
				ALWAYS_SEARCH_USER_PATHS = NO;
				CLANG_CXX_LANGUAGE_STANDARD = "gnu++0x";
				CLANG_CXX_LIBRARY = "libc++";
				CLANG_ENABLE_MODULES = YES;
				CLANG_ENABLE_OBJC_ARC = YES;
				CLANG_WARN_BOOL_CONVERSION = YES;
				CLANG_WARN_CONSTANT_CONVERSION = YES;
				CLANG_WARN_DIRECT_OBJC_ISA_USAGE = YES_ERROR;
				CLANG_WARN_EMPTY_BODY = YES;
				CLANG_WARN_ENUM_CONVERSION = YES;
				CLANG_WARN_INT_CONVERSION = YES;
				CLANG_WARN_OBJC_ROOT_CLASS = YES_ERROR;
				CLANG_WARN_UNREACHABLE_CODE = YES;
				CLANG_WARN__DUPLICATE_METHOD_MATCH = YES;
				CODE_SIGN_IDENTITY = "-";
				COPY_PHASE_STRIP = NO;
				DEBUG_INFORMATION_FORMAT = dwarf;
				ENABLE_STRICT_OBJC_MSGSEND = YES;
				ENABLE_TESTABILITY = YES;
				GCC_C_LANGUAGE_STANDARD = gnu99;
				GCC_DYNAMIC_NO_PIC = NO;
				GCC_NO_COMMON_BLOCKS = YES;
				GCC_OPTIMIZATION_LEVEL = 0;
				GCC_PREPROCESSOR_DEFINITIONS = (
					"DEBUG=1",
					"$(inherited)",
				);
				GCC_WARN_64_TO_32_BIT_CONVERSION = YES;
				GCC_WARN_ABOUT_RETURN_TYPE = YES_ERROR;
				GCC_WARN_UNDECLARED_SELECTOR = YES;
				GCC_WARN_UNINITIALIZED_AUTOS = YES_AGGRESSIVE;
				GCC_WARN_UNUSED_FUNCTION = YES;
				GCC_WARN_UNUSED_VARIABLE = YES;
				MACOSX_DEPLOYMENT_TARGET = 10.10;
				MTL_ENABLE_DEBUG_INFO = YES;
				ONLY_ACTIVE_ARCH = YES;
				SDKROOT = macosx;
				SWIFT_OPTIMIZATION_LEVEL = "-Onone";
			};
			name = Debug;
		};
		454FD3B71B5034AA00D0B75C /* Release */ = {
			isa = XCBuildConfiguration;
			buildSettings = {
				ALWAYS_SEARCH_USER_PATHS = NO;
				CLANG_CXX_LANGUAGE_STANDARD = "gnu++0x";
				CLANG_CXX_LIBRARY = "libc++";
				CLANG_ENABLE_MODULES = YES;
				CLANG_ENABLE_OBJC_ARC = YES;
				CLANG_WARN_BOOL_CONVERSION = YES;
				CLANG_WARN_CONSTANT_CONVERSION = YES;
				CLANG_WARN_DIRECT_OBJC_ISA_USAGE = YES_ERROR;
				CLANG_WARN_EMPTY_BODY = YES;
				CLANG_WARN_ENUM_CONVERSION = YES;
				CLANG_WARN_INT_CONVERSION = YES;
				CLANG_WARN_OBJC_ROOT_CLASS = YES_ERROR;
				CLANG_WARN_UNREACHABLE_CODE = YES;
				CLANG_WARN__DUPLICATE_METHOD_MATCH = YES;
				CODE_SIGN_IDENTITY = "-";
				COPY_PHASE_STRIP = NO;
				DEBUG_INFORMATION_FORMAT = "dwarf-with-dsym";
				ENABLE_NS_ASSERTIONS = NO;
				ENABLE_STRICT_OBJC_MSGSEND = YES;
				GCC_C_LANGUAGE_STANDARD = gnu99;
				GCC_NO_COMMON_BLOCKS = YES;
				GCC_WARN_64_TO_32_BIT_CONVERSION = YES;
				GCC_WARN_ABOUT_RETURN_TYPE = YES_ERROR;
				GCC_WARN_UNDECLARED_SELECTOR = YES;
				GCC_WARN_UNINITIALIZED_AUTOS = YES_AGGRESSIVE;
				GCC_WARN_UNUSED_FUNCTION = YES;
				GCC_WARN_UNUSED_VARIABLE = YES;
				MACOSX_DEPLOYMENT_TARGET = 10.10;
				MTL_ENABLE_DEBUG_INFO = NO;
				SDKROOT = macosx;
			};
			name = Release;
		};
		454FD3B91B5034AA00D0B75C /* Debug */ = {
			isa = XCBuildConfiguration;
			buildSettings = {
				ASSETCATALOG_COMPILER_APPICON_NAME = AppIcon;
				COMBINE_HIDPI_IMAGES = YES;
				INFOPLIST_FILE = LabControls/Info.plist;
				LD_RUNPATH_SEARCH_PATHS = "$(inherited) @executable_path/../Frameworks";
				PRODUCT_BUNDLE_IDENTIFIER = io.9labs.LabControls;
				PRODUCT_NAME = "$(TARGET_NAME)";
			};
			name = Debug;
		};
		454FD3BA1B5034AA00D0B75C /* Release */ = {
			isa = XCBuildConfiguration;
			buildSettings = {
				ASSETCATALOG_COMPILER_APPICON_NAME = AppIcon;
				COMBINE_HIDPI_IMAGES = YES;
				INFOPLIST_FILE = LabControls/Info.plist;
				LD_RUNPATH_SEARCH_PATHS = "$(inherited) @executable_path/../Frameworks";
				PRODUCT_BUNDLE_IDENTIFIER = io.9labs.LabControls;
				PRODUCT_NAME = "$(TARGET_NAME)";
			};
			name = Release;
		};
/* End XCBuildConfiguration section */

/* Begin XCConfigurationList section */
		454FD3A41B5034AA00D0B75C /* Build configuration list for PBXProject "LabControls" */ = {
			isa = XCConfigurationList;
			buildConfigurations = (
				454FD3B61B5034AA00D0B75C /* Debug */,
				454FD3B71B5034AA00D0B75C /* Release */,
			);
			defaultConfigurationIsVisible = 0;
			defaultConfigurationName = Release;
		};
		454FD3B81B5034AA00D0B75C /* Build configuration list for PBXNativeTarget "LabControls" */ = {
			isa = XCConfigurationList;
			buildConfigurations = (
				454FD3B91B5034AA00D0B75C /* Debug */,
				454FD3BA1B5034AA00D0B75C /* Release */,
			);
			defaultConfigurationIsVisible = 0;
		};
/* End XCConfigurationList section */
	};
	rootObject = 454FD3A11B5034AA00D0B75C /* Project object */;
}
